
Microsoft Visual Studio Solution File, Format Version 12.00
# Visual Studio for Mac
Project("{FAE04EC0-301F-11D3-BF4B-00C04F79EFBC}") = "Assembly-CSharp", "Assembly-CSharp.csproj", "{6207DEEA-73CE-1268-71E6-E04384351791}"
EndProject
Project("{FAE04EC0-301F-11D3-BF4B-00C04F79EFBC}") = "Assembly-CSharp-Editor", "Assembly-CSharp-Editor.csproj", "{A0BB6BC2-D3A6-2446-B99C-84769A361216}"
EndProject
Global
	GlobalSection(SolutionConfigurationPlatforms) = preSolution
		Debug|Any CPU = Debug|Any CPU
		Release|Any CPU = Release|Any CPU
	EndGlobalSection
	GlobalSection(ProjectConfigurationPlatforms) = postSolution
		{6207DEEA-73CE-1268-71E6-E04384351791}.Debug|Any CPU.ActiveCfg = Debug|Any CPU
		{6207DEEA-73CE-1268-71E6-E04384351791}.Debug|Any CPU.Build.0 = Debug|Any CPU
		{6207DEEA-73CE-1268-71E6-E04384351791}.Release|Any CPU.ActiveCfg = Release|Any CPU
		{6207DEEA-73CE-1268-71E6-E04384351791}.Release|Any CPU.Build.0 = Release|Any CPU
		{A0BB6BC2-D3A6-2446-B99C-84769A361216}.Debug|Any CPU.ActiveCfg = Debug|Any CPU
		{A0BB6BC2-D3A6-2446-B99C-84769A361216}.Debug|Any CPU.Build.0 = Debug|Any CPU
		{A0BB6BC2-D3A6-2446-B99C-84769A361216}.Release|Any CPU.ActiveCfg = Release|Any CPU
		{A0BB6BC2-D3A6-2446-B99C-84769A361216}.Release|Any CPU.Build.0 = Release|Any CPU
	EndGlobalSection
	GlobalSection(SolutionProperties) = preSolution
		HideSolutionNode = FALSE
	EndGlobalSection
EndGlobal
